PODS:
  - DeviceInfoModule (1.0.0)
  - FileSystemModule (1.0.0)
  - GeolocationModule (1.0.0)
  - NebulaCore2 (2.0.0)
  - PreferenceModule (1.0.0)
  - ScreenShotModule (1.0.0)
  - StatusBarModule (1.0.0)

DEPENDENCIES:
  - DeviceInfoModule (from `https://github.com/t5online-inc/DeviceInfoModule.git`)
  - FileSystemModule (from `https://github.com/t5online-inc/FileSystemModule.git`)
  - GeolocationModule (from `https://github.com/t5online-inc/GeolocationModule.git`)
  - NebulaCore2 (from `https://www.t5online.com:8002/t5-frameworks/nebula.git`)
  - PreferenceModule (from `https://github.com/t5online-inc/PreferenceModule.git`)
  - ScreenShotModule (from `https://github.com/t5online-inc/ScreenShotModule.git`)
  - StatusBarModule (from `https://github.com/t5online-inc/StatusBarModule.git`)

EXTERNAL SOURCES:
  DeviceInfoModule:
    :git: https://github.com/t5online-inc/DeviceInfoModule.git
  FileSystemModule:
    :git: https://github.com/t5online-inc/FileSystemModule.git
  GeolocationModule:
    :git: https://github.com/t5online-inc/GeolocationModule.git
  NebulaCore2:
    :git: https://www.t5online.com:8002/t5-frameworks/nebula.git
  PreferenceModule:
    :git: https://github.com/t5online-inc/PreferenceModule.git
  ScreenShotModule:
    :git: https://github.com/t5online-inc/ScreenShotModule.git
  StatusBarModule:
    :git: https://github.com/t5online-inc/StatusBarModule.git

CHECKOUT OPTIONS:
  DeviceInfoModule:
    :commit: c94296e10df3cefb9dda9fd512710bfd04ef048d
    :git: https://github.com/t5online-inc/DeviceInfoModule.git
  FileSystemModule:
    :commit: fde4697bb0db49627886779688eb84f30416bd96
    :git: https://github.com/t5online-inc/FileSystemModule.git
  GeolocationModule:
    :commit: 04788c5fd5643ba232c673b6c038ca17a0a49ee3
    :git: https://github.com/t5online-inc/GeolocationModule.git
  NebulaCore2:
    :commit: 255e0c998c8bed8befdd54c37d36980997060c32
    :git: https://www.t5online.com:8002/t5-frameworks/nebula.git
  PreferenceModule:
    :commit: 6f709d9e940a7168368ed1822c34de1e054c6351
    :git: https://github.com/t5online-inc/PreferenceModule.git
  ScreenShotModule:
    :commit: dddd6291ed4b1235a12c88d3847b70971b644f33
    :git: https://github.com/t5online-inc/ScreenShotModule.git
  StatusBarModule:
    :commit: ecd4f2d052c6eb2aff386165d78098ba27572148
    :git: https://github.com/t5online-inc/StatusBarModule.git

SPEC CHECKSUMS:
  DeviceInfoModule: ccbb6289510e36143401d3475db3ecf416b28500
  FileSystemModule: 7f985c632b3bb17e6527b762dafd69279b20ced4
  GeolocationModule: 3b0ba3114c2856dbc039c75ab1657f93b6fe6d2f
  NebulaCore2: ca22129f73c7df4ae7a38341f08eac0cf95d1f2f
  PreferenceModule: a12ef9b3a13e822f8b6bb883cae3f38a97ee7887
  ScreenShotModule: 828baf741f8430898b898ef0fffb9a4fd617da44
  StatusBarModule: 21afa0ee58444911e096167c1275552ae3edb7dc

PODFILE CHECKSUM: d5faf0eeeeb39e070ab212e3eef150eb3dcbdb26

COCOAPODS: 1.3.0.beta.2
